
Microsoft Visual Studio Solution File, Format Version 12.00
# Visual Studio Version 17
VisualStudioVersion = 17.11.35431.28
MinimumVisualStudioVersion = 10.0.40219.1
Project("{FAE04EC0-301F-11D3-BF4B-00C04F79EFBC}") = "ParallelProcessing", "ParallelProcessing\ParallelProcessing.csproj", "{AF93D83C-A8E0-4094-BD11-5B04E26D667C}"
EndProject
Project("{FAE04EC0-301F-11D3-BF4B-00C04F79EFBC}") = "ParallelPractice", "ParallelPractice\ParallelPractice.csproj", "{1A89491D-9C56-4AC1-8C81-2383A456848B}"
EndProject
Global
	GlobalSection(SolutionConfigurationPlatforms) = preSolution
		Debug|Any CPU = Debug|Any CPU
		Release|Any CPU = Release|Any CPU
	EndGlobalSection
	GlobalSection(ProjectConfigurationPlatforms) = postSolution
		{AF93D83C-A8E0-4094-BD11-5B04E26D667C}.Debug|Any CPU.ActiveCfg = Debug|Any CPU
		{AF93D83C-A8E0-4094-BD11-5B04E26D667C}.Debug|Any CPU.Build.0 = Debug|Any CPU
		{AF93D83C-A8E0-4094-BD11-5B04E26D667C}.Release|Any CPU.ActiveCfg = Release|Any CPU
		{AF93D83C-A8E0-4094-BD11-5B04E26D667C}.Release|Any CPU.Build.0 = Release|Any CPU
		{1A89491D-9C56-4AC1-8C81-2383A456848B}.Debug|Any CPU.ActiveCfg = Debug|Any CPU
		{1A89491D-9C56-4AC1-8C81-2383A456848B}.Debug|Any CPU.Build.0 = Debug|Any CPU
		{1A89491D-9C56-4AC1-8C81-2383A456848B}.Release|Any CPU.ActiveCfg = Release|Any CPU
		{1A89491D-9C56-4AC1-8C81-2383A456848B}.Release|Any CPU.Build.0 = Release|Any CPU
	EndGlobalSection
	GlobalSection(SolutionProperties) = preSolution
		HideSolutionNode = FALSE
	EndGlobalSection
	GlobalSection(ExtensibilityGlobals) = postSolution
		SolutionGuid = {EBC0331A-94D6-4C9F-9908-76EA00173B04}
	EndGlobalSection
EndGlobal
